
Microsoft Visual Studio Solution File, Format Version 12.00
# Visual Studio Version 17
VisualStudioVersion = 17.13.35806.99 d17.13
MinimumVisualStudioVersion = 10.0.40219.1
Project("{FAE04EC0-301F-11D3-BF4B-00C04F79EFBC}") = "WindowsFormsApp1", "WindowsFormsApp1\WindowsFormsApp1.csproj", "{DF02905D-91B0-4D5B-9EE7-7079A10F98F8}"
EndProject
Project("{2150E333-8FDC-42A3-9474-1A3956D46DE8}") = "Элементы решения", "Элементы решения", "{754FC069-D67B-A9D7-50A1-8D1CA196D8F1}"
EndProject
Global
	GlobalSection(SolutionConfigurationPlatforms) = preSolution
		Debug|Any CPU = Debug|Any CPU
		Release|Any CPU = Release|Any CPU
	EndGlobalSection
	GlobalSection(ProjectConfigurationPlatforms) = postSolution
		{DF02905D-91B0-4D5B-9EE7-7079A10F98F8}.Debug|Any CPU.ActiveCfg = Debug|Any CPU
		{DF02905D-91B0-4D5B-9EE7-7079A10F98F8}.Debug|Any CPU.Build.0 = Debug|Any CPU
		{DF02905D-91B0-4D5B-9EE7-7079A10F98F8}.Release|Any CPU.ActiveCfg = Release|Any CPU
		{DF02905D-91B0-4D5B-9EE7-7079A10F98F8}.Release|Any CPU.Build.0 = Release|Any CPU
	EndGlobalSection
	GlobalSection(SolutionProperties) = preSolution
		HideSolutionNode = FALSE
	EndGlobalSection
	GlobalSection(ExtensibilityGlobals) = postSolution
		SolutionGuid = {490EEFA3-C9A2-407C-BD7C-6F1E1257B9BE}
	EndGlobalSection
EndGlobal
